
Microsoft Visual Studio Solution File, Format Version 12.00
# Visual Studio Version 17
VisualStudioVersion = 17.14.37614.0 d17.14
MinimumVisualStudioVersion = 10.0.40219.1
Project("{FAE04EC0-301F-11D3-BF4B-00C04F79EFBC}") = "LLMPolicyMesh.CapabilityAndIntegrationTests", "LLMPolicyMesh.CapabilityAndIntegrationTests.csproj", "{B8B31FD8-CFF6-4B99-9B38-BFAB9DD6569B}"
EndProject
Global
	GlobalSection(SolutionConfigurationPlatforms) = preSolution
		Debug|Any CPU = Debug|Any CPU
		Release|Any CPU = Release|Any CPU
	EndGlobalSection
	GlobalSection(ProjectConfigurationPlatforms) = postSolution
		{B8B31FD8-CFF6-4B99-9B38-BFAB9DD6569B}.Debug|Any CPU.ActiveCfg = Debug|Any CPU
		{B8B31FD8-CFF6-4B99-9B38-BFAB9DD6569B}.Debug|Any CPU.Build.0 = Debug|Any CPU
		{B8B31FD8-CFF6-4B99-9B38-BFAB9DD6569B}.Release|Any CPU.ActiveCfg = Release|Any CPU
		{B8B31FD8-CFF6-4B99-9B38-BFAB9DD6569B}.Release|Any CPU.Build.0 = Release|Any CPU
	EndGlobalSection
	GlobalSection(SolutionProperties) = preSolution
		HideSolutionNode = FALSE
	EndGlobalSection
	GlobalSection(ExtensibilityGlobals) = postSolution
		SolutionGuid = {921366EB-0612-4A34-818F-7BF1C24542D2}
	EndGlobalSection
EndGlobal
